{
  "name": "@firebasegen/default-connector",
  "version": "1.0.0",
  "lockfileVersion": 3,
  "requires": true,
  "packages": {
    "": {
      "name": "@firebasegen/default-connector",
      "version": "1.0.0",
      "license": "Apache-2.0",
      "dependencies": {
        "@firebasegen/default-connector": "file:"
      },
      "engines": {
        "node": " >=18.0"
      },
      "peerDependencies": {
        "firebase": "^10.14.0 || ^11.0.0"
      }
    },
    "node_modules/@firebasegen/default-connector": {
      "resolved": "",
      "link": true
    }
  }
}
